
Microsoft Visual Studio Solution File, Format Version 12.00
Project("{2150E333-8FDC-42A3-9474-1A3956D46DE8}") = "Libs", "Libs", "{BB712B2E-40D4-4084-ABF6-B5903F890AD4}"
EndProject
Project("{FAE04EC0-301F-11D3-BF4B-00C04F79EFBC}") = "OpenRouter.Client", "OpenRouter.Client\OpenRouter.Client.csproj", "{9A9C60B4-EECE-4FCD-94B1-C5BCE19ED1DA}"
EndProject
Project("{FAE04EC0-301F-11D3-BF4B-00C04F79EFBC}") = "UniversalOpenAi.Client", "..\submodules\Universal-OpenAI-Net-Client\src\UniversalOpenAi.Client\UniversalOpenAi.Client.csproj", "{BB3E4D7F-DB3E-4E80-B09E-C28EF2520234}"
EndProject
Project("{FAE04EC0-301F-11D3-BF4B-00C04F79EFBC}") = "OpenRouter.Test", "OpenRouter.Test\OpenRouter.Test.csproj", "{25DBF7AF-F3CE-4ECC-9D19-D0FEA168100A}"
EndProject
Global
	GlobalSection(SolutionConfigurationPlatforms) = preSolution
		Debug|Any CPU = Debug|Any CPU
		Release|Any CPU = Release|Any CPU
	EndGlobalSection
	GlobalSection(ProjectConfigurationPlatforms) = postSolution
		{EF6BB439-75A0-4166-B0F6-F04AD910CD52}.Debug|Any CPU.ActiveCfg = Debug|Any CPU
		{EF6BB439-75A0-4166-B0F6-F04AD910CD52}.Debug|Any CPU.Build.0 = Debug|Any CPU
		{EF6BB439-75A0-4166-B0F6-F04AD910CD52}.Release|Any CPU.ActiveCfg = Release|Any CPU
		{EF6BB439-75A0-4166-B0F6-F04AD910CD52}.Release|Any CPU.Build.0 = Release|Any CPU
		{713F765C-5704-4C11-8E23-706A396721DA}.Debug|Any CPU.ActiveCfg = Debug|Any CPU
		{713F765C-5704-4C11-8E23-706A396721DA}.Debug|Any CPU.Build.0 = Debug|Any CPU
		{713F765C-5704-4C11-8E23-706A396721DA}.Release|Any CPU.ActiveCfg = Release|Any CPU
		{713F765C-5704-4C11-8E23-706A396721DA}.Release|Any CPU.Build.0 = Release|Any CPU
		{9A9C60B4-EECE-4FCD-94B1-C5BCE19ED1DA}.Debug|Any CPU.ActiveCfg = Debug|Any CPU
		{9A9C60B4-EECE-4FCD-94B1-C5BCE19ED1DA}.Debug|Any CPU.Build.0 = Debug|Any CPU
		{9A9C60B4-EECE-4FCD-94B1-C5BCE19ED1DA}.Release|Any CPU.ActiveCfg = Release|Any CPU
		{9A9C60B4-EECE-4FCD-94B1-C5BCE19ED1DA}.Release|Any CPU.Build.0 = Release|Any CPU
		{BB3E4D7F-DB3E-4E80-B09E-C28EF2520234}.Debug|Any CPU.ActiveCfg = Debug|Any CPU
		{BB3E4D7F-DB3E-4E80-B09E-C28EF2520234}.Debug|Any CPU.Build.0 = Debug|Any CPU
		{BB3E4D7F-DB3E-4E80-B09E-C28EF2520234}.Release|Any CPU.ActiveCfg = Release|Any CPU
		{BB3E4D7F-DB3E-4E80-B09E-C28EF2520234}.Release|Any CPU.Build.0 = Release|Any CPU
		{25DBF7AF-F3CE-4ECC-9D19-D0FEA168100A}.Debug|Any CPU.ActiveCfg = Debug|Any CPU
		{25DBF7AF-F3CE-4ECC-9D19-D0FEA168100A}.Debug|Any CPU.Build.0 = Debug|Any CPU
		{25DBF7AF-F3CE-4ECC-9D19-D0FEA168100A}.Release|Any CPU.ActiveCfg = Release|Any CPU
		{25DBF7AF-F3CE-4ECC-9D19-D0FEA168100A}.Release|Any CPU.Build.0 = Release|Any CPU
	EndGlobalSection
	GlobalSection(NestedProjects) = preSolution
		{713F765C-5704-4C11-8E23-706A396721DA} = {BB712B2E-40D4-4084-ABF6-B5903F890AD4}
		{BB3E4D7F-DB3E-4E80-B09E-C28EF2520234} = {BB712B2E-40D4-4084-ABF6-B5903F890AD4}
	EndGlobalSection
EndGlobal
